// !$*UTF8*$!
{
	archiveVersion = 1;
	classes = {
	};
	objectVersion = 60;
	objects = {

/* Begin PBXBuildFile section */
		B2C600092D3050030018EAFD /* Main.storyboard in Resources */ = {isa = PBXBuildFile; fileRef = B2C600072D304F040018EAFD /* Main.storyboard */; };
		B2D261342D2D9FE90026BF83 /* UIViewExtensions.swift in Sources */ = {isa = PBXBuildFile; fileRef = B2D261332D2D9FE90026BF83 /* UIViewExtensions.swift */; };
		B2D9D3EC2D13244300B1BF49 /* AppDelegate.swift in Sources */ = {isa = PBXBuildFile; fileRef = B2D9D3EB2D13244300B1BF49 /* AppDelegate.swift */; };
		B2D9D3EE2D13244300B1BF49 /* SceneDelegate.swift in Sources */ = {isa = PBXBuildFile; fileRef = B2D9D3ED2D13244300B1BF49 /* SceneDelegate.swift */; };
		B2D9D3F02D13244300B1BF49 /* MainViewController.swift in Sources */ = {isa = PBXBuildFile; fileRef = B2D9D3EF2D13244300B1BF49 /* MainViewController.swift */; };
		B2D9D3F52D13244500B1BF49 /* Assets.xcassets in Resources */ = {isa = PBXBuildFile; fileRef = B2D9D3F42D13244500B1BF49 /* Assets.xcassets */; };
		B2D9D3F82D13244500B1BF49 /* Base in Resources */ = {isa = PBXBuildFile; fileRef = B2D9D3F72D13244500B1BF49 /* Base */; };
		B2D9D4032D132A9F00B1BF49 /* SuperheroResponse.swift in Sources */ = {isa = PBXBuildFile; fileRef = B2D9D4022D132A9F00B1BF49 /* SuperheroResponse.swift */; };
		B2D9D4052D132CEE00B1BF49 /* SuperheroProvider.swift in Sources */ = {isa = PBXBuildFile; fileRef = B2D9D4042D132CEE00B1BF49 /* SuperheroProvider.swift */; };
		B2D9D4082D1332C800B1BF49 /* SuperheroViewCell.swift in Sources */ = {isa = PBXBuildFile; fileRef = B2D9D4072D1332C800B1BF49 /* SuperheroViewCell.swift */; };
		B2D9D40B2D133D4E00B1BF49 /* UIImageViewExtensions.swift in Sources */ = {isa = PBXBuildFile; fileRef = B2D9D40A2D133D4E00B1BF49 /* UIImageViewExtensions.swift */; };
		B2D9D40D2D13445C00B1BF49 /* DetailViewController.swift in Sources */ = {isa = PBXBuildFile; fileRef = B2D9D40C2D13445C00B1BF49 /* DetailViewController.swift */; };
/* End PBXBuildFile section */

/* Begin PBXFileReference section */
		B2C600062D304F040018EAFD /* Base */ = {isa = PBXFileReference; lastKnownFileType = file.storyboard; name = Base; path = Base.lproj/Main.storyboard; sourceTree = "<group>"; };
		B2C600082D304F040018EAFD /* mul */ = {isa = PBXFileReference; lastKnownFileType = text.json.xcstrings; name = mul; path = mul.lproj/Main.xcstrings; sourceTree = "<group>"; };
		B2D261332D2D9FE90026BF83 /* UIViewExtensions.swift */ = {isa = PBXFileReference; lastKnownFileType = sourcecode.swift; path = UIViewExtensions.swift; sourceTree = "<group>"; };
		B2D9D3E82D13244300B1BF49 /* JusticeLeague.app */ = {isa = PBXFileReference; explicitFileType = wrapper.application; includeInIndex = 0; path = JusticeLeague.app; sourceTree = BUILT_PRODUCTS_DIR; };
		B2D9D3EB2D13244300B1BF49 /* AppDelegate.swift */ = {isa = PBXFileReference; lastKnownFileType = sourcecode.swift; path = AppDelegate.swift; sourceTree = "<group>"; };
		B2D9D3ED2D13244300B1BF49 /* SceneDelegate.swift */ = {isa = PBXFileReference; lastKnownFileType = sourcecode.swift; path = SceneDelegate.swift; sourceTree = "<group>"; };
		B2D9D3EF2D13244300B1BF49 /* MainViewController.swift */ = {isa = PBXFileReference; lastKnownFileType = sourcecode.swift; path = MainViewController.swift; sourceTree = "<group>"; };
		B2D9D3F42D13244500B1BF49 /* Assets.xcassets */ = {isa = PBXFileReference; lastKnownFileType = folder.assetcatalog; path = Assets.xcassets; sourceTree = "<group>"; };
		B2D9D3F72D13244500B1BF49 /* Base */ = {isa = PBXFileReference; lastKnownFileType = file.storyboard; name = Base; path = Base.lproj/LaunchScreen.storyboard; sourceTree = "<group>"; };
		B2D9D3F92D13244500B1BF49 /* Info.plist */ = {isa = PBXFileReference; lastKnownFileType = text.plist.xml; path = Info.plist; sourceTree = "<group>"; };
		B2D9D4022D132A9F00B1BF49 /* SuperheroResponse.swift */ = {isa = PBXFileReference; lastKnownFileType = sourcecode.swift; path = SuperheroResponse.swift; sourceTree = "<group>"; };
		B2D9D4042D132CEE00B1BF49 /* SuperheroProvider.swift */ = {isa = PBXFileReference; lastKnownFileType = sourcecode.swift; path = SuperheroProvider.swift; sourceTree = "<group>"; };
		B2D9D4072D1332C800B1BF49 /* SuperheroViewCell.swift */ = {isa = PBXFileReference; lastKnownFileType = sourcecode.swift; path = SuperheroViewCell.swift; sourceTree = "<group>"; };
		B2D9D40A2D133D4E00B1BF49 /* UIImageViewExtensions.swift */ = {isa = PBXFileReference; lastKnownFileType = sourcecode.swift; path = UIImageViewExtensions.swift; sourceTree = "<group>"; };
		B2D9D40C2D13445C00B1BF49 /* DetailViewController.swift */ = {isa = PBXFileReference; lastKnownFileType = sourcecode.swift; path = DetailViewController.swift; sourceTree = "<group>"; };
/* End PBXFileReference section */

/* Begin PBXFrameworksBuildPhase section */
		B2D9D3E52D13244300B1BF49 /* Frameworks */ = {
			isa = PBXFrameworksBuildPhase;
			buildActionMask = 2147483647;
			files = (
			);
			runOnlyForDeploymentPostprocessing = 0;
		};
/* End PBXFrameworksBuildPhase section */

/* Begin PBXGroup section */
		B2D9D3DF2D13244300B1BF49 = {
			isa = PBXGroup;
			children = (
				B2D9D3EA2D13244300B1BF49 /* JusticeLeague */,
				B2D9D3E92D13244300B1BF49 /* Products */,
			);
			sourceTree = "<group>";
		};
		B2D9D3E92D13244300B1BF49 /* Products */ = {
			isa = PBXGroup;
			children = (
				B2D9D3E82D13244300B1BF49 /* JusticeLeague.app */,
			);
			name = Products;
			sourceTree = "<group>";
		};
		B2D9D3EA2D13244300B1BF49 /* JusticeLeague */ = {
			isa = PBXGroup;
			children = (
				B2D9D4012D13263600B1BF49 /* Data */,
				B2D9D4002D1324F400B1BF49 /* Views */,
				B2D9D3FF2D1324E300B1BF49 /* ViewControllers */,
				B2D9D4062D13329000B1BF49 /* ViewCells */,
				B2D9D4092D133D3200B1BF49 /* Utils */,
				B2D9D3EB2D13244300B1BF49 /* AppDelegate.swift */,
				B2D9D3ED2D13244300B1BF49 /* SceneDelegate.swift */,
				B2D9D3F42D13244500B1BF49 /* Assets.xcassets */,
				B2D9D3F92D13244500B1BF49 /* Info.plist */,
			);
			path = JusticeLeague;
			sourceTree = "<group>";
		};
		B2D9D3FF2D1324E300B1BF49 /* ViewControllers */ = {
			isa = PBXGroup;
			children = (
				B2D9D3EF2D13244300B1BF49 /* MainViewController.swift */,
				B2D9D40C2D13445C00B1BF49 /* DetailViewController.swift */,
			);
			path = ViewControllers;
			sourceTree = "<group>";
		};
		B2D9D4002D1324F400B1BF49 /* Views */ = {
			isa = PBXGroup;
			children = (
				B2C600072D304F040018EAFD /* Main.storyboard */,
				B2D9D3F62D13244500B1BF49 /* LaunchScreen.storyboard */,
			);
			path = Views;
			sourceTree = "<group>";
		};
		B2D9D4012D13263600B1BF49 /* Data */ = {
			isa = PBXGroup;
			children = (
				B2D9D4022D132A9F00B1BF49 /* SuperheroResponse.swift */,
				B2D9D4042D132CEE00B1BF49 /* SuperheroProvider.swift */,
			);
			path = Data;
			sourceTree = "<group>";
		};
		B2D9D4062D13329000B1BF49 /* ViewCells */ = {
			isa = PBXGroup;
			children = (
				B2D9D4072D1332C800B1BF49 /* SuperheroViewCell.swift */,
			);
			path = ViewCells;
			sourceTree = "<group>";
		};
		B2D9D4092D133D3200B1BF49 /* Utils */ = {
			isa = PBXGroup;
			children = (
				B2D9D40A2D133D4E00B1BF49 /* UIImageViewExtensions.swift */,
				B2D261332D2D9FE90026BF83 /* UIViewExtensions.swift */,
			);
			path = Utils;
			sourceTree = "<group>";
		};
/* End PBXGroup section */

/* Begin PBXNativeTarget section */
		B2D9D3E72D13244300B1BF49 /* JusticeLeague */ = {
			isa = PBXNativeTarget;
			buildConfigurationList = B2D9D3FC2D13244500B1BF49 /* Build configuration list for PBXNativeTarget "JusticeLeague" */;
			buildPhases = (
				B2D9D3E42D13244300B1BF49 /* Sources */,
				B2D9D3E52D13244300B1BF49 /* Frameworks */,
				B2D9D3E62D13244300B1BF49 /* Resources */,
			);
			buildRules = (
			);
			dependencies = (
			);
			name = JusticeLeague;
			productName = JusticeLeague;
			productReference = B2D9D3E82D13244300B1BF49 /* JusticeLeague.app */;
			productType = "com.apple.product-type.application";
		};
/* End PBXNativeTarget section */

/* Begin PBXProject section */
		B2D9D3E02D13244300B1BF49 /* Project object */ = {
			isa = PBXProject;
			attributes = {
				BuildIndependentTargetsInParallel = 1;
				LastSwiftUpdateCheck = 1540;
				LastUpgradeCheck = 1540;
				TargetAttributes = {
					B2D9D3E72D13244300B1BF49 = {
						CreatedOnToolsVersion = 15.4;
					};
				};
			};
			buildConfigurationList = B2D9D3E32D13244300B1BF49 /* Build configuration list for PBXProject "JusticeLeague" */;
			compatibilityVersion = "Xcode 14.0";
			developmentRegion = en;
			hasScannedForEncodings = 0;
			knownRegions = (
				en,
				Base,
				es,
			);
			mainGroup = B2D9D3DF2D13244300B1BF49;
			productRefGroup = B2D9D3E92D13244300B1BF49 /* Products */;
			projectDirPath = "";
			projectRoot = "";
			targets = (
				B2D9D3E72D13244300B1BF49 /* JusticeLeague */,
			);
		};
/* End PBXProject section */

/* Begin PBXResourcesBuildPhase section */
		B2D9D3E62D13244300B1BF49 /* Resources */ = {
			isa = PBXResourcesBuildPhase;
			buildActionMask = 2147483647;
			files = (
				B2C600092D3050030018EAFD /* Main.storyboard in Resources */,
				B2D9D3F52D13244500B1BF49 /* Assets.xcassets in Resources */,
				B2D9D3F82D13244500B1BF49 /* Base in Resources */,
			);
			runOnlyForDeploymentPostprocessing = 0;
		};
/* End PBXResourcesBuildPhase section */

/* Begin PBXSourcesBuildPhase section */
		B2D9D3E42D13244300B1BF49 /* Sources */ = {
			isa = PBXSourcesBuildPhase;
			buildActionMask = 2147483647;
			files = (
				B2D9D3F02D13244300B1BF49 /* MainViewController.swift in Sources */,
				B2D9D3EC2D13244300B1BF49 /* AppDelegate.swift in Sources */,
				B2D9D40B2D133D4E00B1BF49 /* UIImageViewExtensions.swift in Sources */,
				B2D9D4032D132A9F00B1BF49 /* SuperheroResponse.swift in Sources */,
				B2D9D4052D132CEE00B1BF49 /* SuperheroProvider.swift in Sources */,
				B2D9D4082D1332C800B1BF49 /* SuperheroViewCell.swift in Sources */,
				B2D9D3EE2D13244300B1BF49 /* SceneDelegate.swift in Sources */,
				B2D261342D2D9FE90026BF83 /* UIViewExtensions.swift in Sources */,
				B2D9D40D2D13445C00B1BF49 /* DetailViewController.swift in Sources */,
			);
			runOnlyForDeploymentPostprocessing = 0;
		};
/* End PBXSourcesBuildPhase section */

/* Begin PBXVariantGroup section */
		B2C600072D304F040018EAFD /* Main.storyboard */ = {
			isa = PBXVariantGroup;
			children = (
				B2C600062D304F040018EAFD /* Base */,
				B2C600082D304F040018EAFD /* mul */,
			);
			name = Main.storyboard;
			sourceTree = "<group>";
		};
		B2D9D3F62D13244500B1BF49 /* LaunchScreen.storyboard */ = {
			isa = PBXVariantGroup;
			children = (
				B2D9D3F72D13244500B1BF49 /* Base */,
			);
			name = LaunchScreen.storyboard;
			sourceTree = "<group>";
		};
/* End PBXVariantGroup section */

/* Begin XCBuildConfiguration section */
		B2D9D3FA2D13244500B1BF49 /* Debug */ = {
			isa = XCBuildConfiguration;
			buildSettings = {
				ALWAYS_SEARCH_USER_PATHS = NO;
				ASSETCATALOG_COMPILER_GENERATE_SWIFT_ASSET_SYMBOL_EXTENSIONS = YES;
				CLANG_ANALYZER_LOCALIZABILITY_NONLOCALIZED = YES;
				CLANG_ANALYZER_NONNULL = YES;
				CLANG_ANALYZER_NUMBER_OBJECT_CONVERSION = YES_AGGRESSIVE;
				CLANG_CXX_LANGUAGE_STANDARD = "gnu++20";
				CLANG_ENABLE_MODULES = YES;
				CLANG_ENABLE_OBJC_ARC = YES;
				CLANG_ENABLE_OBJC_WEAK = YES;
				CLANG_WARN_BLOCK_CAPTURE_AUTORELEASING = YES;
				CLANG_WARN_BOOL_CONVERSION = YES;
				CLANG_WARN_COMMA = YES;
				CLANG_WARN_CONSTANT_CONVERSION = YES;
				CLANG_WARN_DEPRECATED_OBJC_IMPLEMENTATIONS = YES;
				CLANG_WARN_DIRECT_OBJC_ISA_USAGE = YES_ERROR;
				CLANG_WARN_DOCUMENTATION_COMMENTS = YES;
				CLANG_WARN_EMPTY_BODY = YES;
				CLANG_WARN_ENUM_CONVERSION = YES;
				CLANG_WARN_INFINITE_RECURSION = YES;
				CLANG_WARN_INT_CONVERSION = YES;
				CLANG_WARN_NON_LITERAL_NULL_CONVERSION = YES;
				CLANG_WARN_OBJC_IMPLICIT_RETAIN_SELF = YES;
				CLANG_WARN_OBJC_LITERAL_CONVERSION = YES;
				CLANG_WARN_OBJC_ROOT_CLASS = YES_ERROR;
				CLANG_WARN_QUOTED_INCLUDE_IN_FRAMEWORK_HEADER = YES;
				CLANG_WARN_RANGE_LOOP_ANALYSIS = YES;
				CLANG_WARN_STRICT_PROTOTYPES = YES;
				CLANG_WARN_SUSPICIOUS_MOVE = YES;
				CLANG_WARN_UNGUARDED_AVAILABILITY = YES_AGGRESSIVE;
				CLANG_WARN_UNREACHABLE_CODE = YES;
				CLANG_WARN__DUPLICATE_METHOD_MATCH = YES;
				COPY_PHASE_STRIP = NO;
				DEBUG_INFORMATION_FORMAT = dwarf;
				ENABLE_STRICT_OBJC_MSGSEND = YES;
				ENABLE_TESTABILITY = YES;
				ENABLE_USER_SCRIPT_SANDBOXING = YES;
				GCC_C_LANGUAGE_STANDARD = gnu17;
				GCC_DYNAMIC_NO_PIC = NO;
				GCC_NO_COMMON_BLOCKS = YES;
				GCC_OPTIMIZATION_LEVEL = 0;
				GCC_PREPROCESSOR_DEFINITIONS = (
					"DEBUG=1",
					"$(inherited)",
				);
				GCC_WARN_64_TO_32_BIT_CONVERSION = YES;
				GCC_WARN_ABOUT_RETURN_TYPE = YES_ERROR;
				GCC_WARN_UNDECLARED_SELECTOR = YES;
				GCC_WARN_UNINITIALIZED_AUTOS = YES_AGGRESSIVE;
				GCC_WARN_UNUSED_FUNCTION = YES;
				GCC_WARN_UNUSED_VARIABLE = YES;
				IPHONEOS_DEPLOYMENT_TARGET = 17.5;
				LOCALIZATION_PREFERS_STRING_CATALOGS = YES;
				MTL_ENABLE_DEBUG_INFO = INCLUDE_SOURCE;
				MTL_FAST_MATH = YES;
				ONLY_ACTIVE_ARCH = YES;
				SDKROOT = iphoneos;
				SWIFT_ACTIVE_COMPILATION_CONDITIONS = "DEBUG $(inherited)";
				SWIFT_OPTIMIZATION_LEVEL = "-Onone";
			};
			name = Debug;
		};
		B2D9D3FB2D13244500B1BF49 /* Release */ = {
			isa = XCBuildConfiguration;
			buildSettings = {
				ALWAYS_SEARCH_USER_PATHS = NO;
				ASSETCATALOG_COMPILER_GENERATE_SWIFT_ASSET_SYMBOL_EXTENSIONS = YES;
				CLANG_ANALYZER_LOCALIZABILITY_NONLOCALIZED = YES;
				CLANG_ANALYZER_NONNULL = YES;
				CLANG_ANALYZER_NUMBER_OBJECT_CONVERSION = YES_AGGRESSIVE;
				CLANG_CXX_LANGUAGE_STANDARD = "gnu++20";
				CLANG_ENABLE_MODULES = YES;
				CLANG_ENABLE_OBJC_ARC = YES;
				CLANG_ENABLE_OBJC_WEAK = YES;
				CLANG_WARN_BLOCK_CAPTURE_AUTORELEASING = YES;
				CLANG_WARN_BOOL_CONVERSION = YES;
				CLANG_WARN_COMMA = YES;
				CLANG_WARN_CONSTANT_CONVERSION = YES;
				CLANG_WARN_DEPRECATED_OBJC_IMPLEMENTATIONS = YES;
				CLANG_WARN_DIRECT_OBJC_ISA_USAGE = YES_ERROR;
				CLANG_WARN_DOCUMENTATION_COMMENTS = YES;
				CLANG_WARN_EMPTY_BODY = YES;
				CLANG_WARN_ENUM_CONVERSION = YES;
				CLANG_WARN_INFINITE_RECURSION = YES;
				CLANG_WARN_INT_CONVERSION = YES;
				CLANG_WARN_NON_LITERAL_NULL_CONVERSION = YES;
				CLANG_WARN_OBJC_IMPLICIT_RETAIN_SELF = YES;
				CLANG_WARN_OBJC_LITERAL_CONVERSION = YES;
				CLANG_WARN_OBJC_ROOT_CLASS = YES_ERROR;
				CLANG_WARN_QUOTED_INCLUDE_IN_FRAMEWORK_HEADER = YES;
				CLANG_WARN_RANGE_LOOP_ANALYSIS = YES;
				CLANG_WARN_STRICT_PROTOTYPES = YES;
				CLANG_WARN_SUSPICIOUS_MOVE = YES;
				CLANG_WARN_UNGUARDED_AVAILABILITY = YES_AGGRESSIVE;
				CLANG_WARN_UNREACHABLE_CODE = YES;
				CLANG_WARN__DUPLICATE_METHOD_MATCH = YES;
				COPY_PHASE_STRIP = NO;
				DEBUG_INFORMATION_FORMAT = "dwarf-with-dsym";
				ENABLE_NS_ASSERTIONS = NO;
				ENABLE_STRICT_OBJC_MSGSEND = YES;
				ENABLE_USER_SCRIPT_SANDBOXING = YES;
				GCC_C_LANGUAGE_STANDARD = gnu17;
				GCC_NO_COMMON_BLOCKS = YES;
				GCC_WARN_64_TO_32_BIT_CONVERSION = YES;
				GCC_WARN_ABOUT_RETURN_TYPE = YES_ERROR;
				GCC_WARN_UNDECLARED_SELECTOR = YES;
				GCC_WARN_UNINITIALIZED_AUTOS = YES_AGGRESSIVE;
				GCC_WARN_UNUSED_FUNCTION = YES;
				GCC_WARN_UNUSED_VARIABLE = YES;
				IPHONEOS_DEPLOYMENT_TARGET = 17.5;
				LOCALIZATION_PREFERS_STRING_CATALOGS = YES;
				MTL_ENABLE_DEBUG_INFO = NO;
				MTL_FAST_MATH = YES;
				SDKROOT = iphoneos;
				SWIFT_COMPILATION_MODE = wholemodule;
				VALIDATE_PRODUCT = YES;
			};
			name = Release;
		};
		B2D9D3FD2D13244500B1BF49 /* Debug */ = {
			isa = XCBuildConfiguration;
			buildSettings = {
				ASSETCATALOG_COMPILER_APPICON_NAME = AppIcon;
				ASSETCATALOG_COMPILER_GLOBAL_ACCENT_COLOR_NAME = AccentColor;
				CODE_SIGN_STYLE = Automatic;
				CURRENT_PROJECT_VERSION = 1;
				GENERATE_INFOPLIST_FILE = YES;
				INFOPLIST_FILE = JusticeLeague/Info.plist;
				INFOPLIST_KEY_UIApplicationSupportsIndirectInputEvents = YES;
				INFOPLIST_KEY_UILaunchStoryboardName = LaunchScreen;
				INFOPLIST_KEY_UIMainStoryboardFile = Main;
				INFOPLIST_KEY_UISupportedInterfaceOrientations_iPad = "UIInterfaceOrientationPortrait UIInterfaceOrientationPortraitUpsideDown UIInterfaceOrientationLandscapeLeft UIInterfaceOrientationLandscapeRight";
				INFOPLIST_KEY_UISupportedInterfaceOrientations_iPhone = "UIInterfaceOrientationPortrait UIInterfaceOrientationLandscapeLeft UIInterfaceOrientationLandscapeRight";
				IPHONEOS_DEPLOYMENT_TARGET = 17.4;
				LD_RUNPATH_SEARCH_PATHS = (
					"$(inherited)",
					"@executable_path/Frameworks",
				);
				MARKETING_VERSION = 1.0;
				PRODUCT_BUNDLE_IDENTIFIER = com.example.JusticeLeague;
				PRODUCT_NAME = "$(TARGET_NAME)";
				SWIFT_EMIT_LOC_STRINGS = YES;
				SWIFT_VERSION = 5.0;
				TARGETED_DEVICE_FAMILY = "1,2";
			};
			name = Debug;
		};
		B2D9D3FE2D13244500B1BF49 /* Release */ = {
			isa = XCBuildConfiguration;
			buildSettings = {
				ASSETCATALOG_COMPILER_APPICON_NAME = AppIcon;
				ASSETCATALOG_COMPILER_GLOBAL_ACCENT_COLOR_NAME = AccentColor;
				CODE_SIGN_STYLE = Automatic;
				CURRENT_PROJECT_VERSION = 1;
				GENERATE_INFOPLIST_FILE = YES;
				INFOPLIST_FILE = JusticeLeague/Info.plist;
				INFOPLIST_KEY_UIApplicationSupportsIndirectInputEvents = YES;
				INFOPLIST_KEY_UILaunchStoryboardName = LaunchScreen;
				INFOPLIST_KEY_UIMainStoryboardFile = Main;
				INFOPLIST_KEY_UISupportedInterfaceOrientations_iPad = "UIInterfaceOrientationPortrait UIInterfaceOrientationPortraitUpsideDown UIInterfaceOrientationLandscapeLeft UIInterfaceOrientationLandscapeRight";
				INFOPLIST_KEY_UISupportedInterfaceOrientations_iPhone = "UIInterfaceOrientationPortrait UIInterfaceOrientationLandscapeLeft UIInterfaceOrientationLandscapeRight";
				IPHONEOS_DEPLOYMENT_TARGET = 17.4;
				LD_RUNPATH_SEARCH_PATHS = (
					"$(inherited)",
					"@executable_path/Frameworks",
				);
				MARKETING_VERSION = 1.0;
				PRODUCT_BUNDLE_IDENTIFIER = com.example.JusticeLeague;
				PRODUCT_NAME = "$(TARGET_NAME)";
				SWIFT_EMIT_LOC_STRINGS = YES;
				SWIFT_VERSION = 5.0;
				TARGETED_DEVICE_FAMILY = "1,2";
			};
			name = Release;
		};
/* End XCBuildConfiguration section */

/* Begin XCConfigurationList section */
		B2D9D3E32D13244300B1BF49 /* Build configuration list for PBXProject "JusticeLeague" */ = {
			isa = XCConfigurationList;
			buildConfigurations = (
				B2D9D3FA2D13244500B1BF49 /* Debug */,
				B2D9D3FB2D13244500B1BF49 /* Release */,
			);
			defaultConfigurationIsVisible = 0;
			defaultConfigurationName = Release;
		};
		B2D9D3FC2D13244500B1BF49 /* Build configuration list for PBXNativeTarget "JusticeLeague" */ = {
			isa = XCConfigurationList;
			buildConfigurations = (
				B2D9D3FD2D13244500B1BF49 /* Debug */,
				B2D9D3FE2D13244500B1BF49 /* Release */,
			);
			defaultConfigurationIsVisible = 0;
			defaultConfigurationName = Release;
		};
/* End XCConfigurationList section */
	};
	rootObject = B2D9D3E02D13244300B1BF49 /* Project object */;
}
